// !$*UTF8*$!
{
	archiveVersion = 1;
	classes = {
	};
	objectVersion = 77;
	objects = {

/* Begin PBXContainerItemProxy section */
		2F3521FF2E53ABE200BF7DC6 /* PBXContainerItemProxy */ = {
			isa = PBXContainerItemProxy;
			containerPortal = 2F3521E92E53ABE100BF7DC6 /* Project object */;
			proxyType = 1;
			remoteGlobalIDString = 2F3521F02E53ABE100BF7DC6;
			remoteInfo = UalaCities;
		};
		2F3522092E53ABE200BF7DC6 /* PBXContainerItemProxy */ = {
			isa = PBXContainerItemProxy;
			containerPortal = 2F3521E92E53ABE100BF7DC6 /* Project object */;
			proxyType = 1;
			remoteGlobalIDString = 2F3521F02E53ABE100BF7DC6;
			remoteInfo = UalaCities;
		};
/* End PBXContainerItemProxy section */

/* Begin PBXFileReference section */
		2F3521F12E53ABE100BF7DC6 /* UalaCities.app */ = {isa = PBXFileReference; explicitFileType = wrapper.application; includeInIndex = 0; path = UalaCities.app; sourceTree = BUILT_PRODUCTS_DIR; };
		2F3521FE2E53ABE200BF7DC6 /* UalaCitiesTests.xctest */ = {isa = PBXFileReference; explicitFileType = wrapper.cfbundle; includeInIndex = 0; path = UalaCitiesTests.xctest; sourceTree = BUILT_PRODUCTS_DIR; };
		2F3522082E53ABE200BF7DC6 /* UalaCitiesUITests.xctest */ = {isa = PBXFileReference; explicitFileType = wrapper.cfbundle; includeInIndex = 0; path = UalaCitiesUITests.xctest; sourceTree = BUILT_PRODUCTS_DIR; };
/* End PBXFileReference section */

/* Begin PBXFileSystemSynchronizedRootGroup section */
		2F3521F32E53ABE100BF7DC6 /* UalaCities */ = {
			isa = PBXFileSystemSynchronizedRootGroup;
			path = UalaCities;
			sourceTree = "<group>";
		};
		2F3522012E53ABE200BF7DC6 /* UalaCitiesTests */ = {
			isa = PBXFileSystemSynchronizedRootGroup;
			path = UalaCitiesTests;
			sourceTree = "<group>";
		};
		2F35220B2E53ABE200BF7DC6 /* UalaCitiesUITests */ = {
			isa = PBXFileSystemSynchronizedRootGroup;
			path = UalaCitiesUITests;
			sourceTree = "<group>";
		};
/* End PBXFileSystemSynchronizedRootGroup section */

/* Begin PBXFrameworksBuildPhase section */
		2F3521EE2E53ABE100BF7DC6 /* Frameworks */ = {
			isa = PBXFrameworksBuildPhase;
			buildActionMask = 2147483647;
			files = (
			);
			runOnlyForDeploymentPostprocessing = 0;
		};
		2F3521FB2E53ABE200BF7DC6 /* Frameworks */ = {
			isa = PBXFrameworksBuildPhase;
			buildActionMask = 2147483647;
			files = (
			);
			runOnlyForDeploymentPostprocessing = 0;
		};
		2F3522052E53ABE200BF7DC6 /* Frameworks */ = {
			isa = PBXFrameworksBuildPhase;
			buildActionMask = 2147483647;
			files = (
			);
			runOnlyForDeploymentPostprocessing = 0;
		};
/* End PBXFrameworksBuildPhase section */

/* Begin PBXGroup section */
		2F3521E82E53ABE100BF7DC6 = {
			isa = PBXGroup;
			children = (
				2F3521F32E53ABE100BF7DC6 /* UalaCities */,
				2F3522012E53ABE200BF7DC6 /* UalaCitiesTests */,
				2F35220B2E53ABE200BF7DC6 /* UalaCitiesUITests */,
				2F3521F22E53ABE100BF7DC6 /* Products */,
			);
			sourceTree = "<group>";
		};
		2F3521F22E53ABE100BF7DC6 /* Products */ = {
			isa = PBXGroup;
			children = (
				2F3521F12E53ABE100BF7DC6 /* UalaCities.app */,
				2F3521FE2E53ABE200BF7DC6 /* UalaCitiesTests.xctest */,
				2F3522082E53ABE200BF7DC6 /* UalaCitiesUITests.xctest */,
			);
			name = Products;
			sourceTree = "<group>";
		};
/* End PBXGroup section */

/* Begin PBXNativeTarget section */
		2F3521F02E53ABE100BF7DC6 /* UalaCities */ = {
			isa = PBXNativeTarget;
			buildConfigurationList = 2F3522122E53ABE200BF7DC6 /* Build configuration list for PBXNativeTarget "UalaCities" */;
			buildPhases = (
				2F3521ED2E53ABE100BF7DC6 /* Sources */,
				2F3521EE2E53ABE100BF7DC6 /* Frameworks */,
				2F3521EF2E53ABE100BF7DC6 /* Resources */,
			);
			buildRules = (
			);
			dependencies = (
			);
			fileSystemSynchronizedGroups = (
				2F3521F32E53ABE100BF7DC6 /* UalaCities */,
			);
			name = UalaCities;
			packageProductDependencies = (
			);
			productName = UalaCities;
			productReference = 2F3521F12E53ABE100BF7DC6 /* UalaCities.app */;
			productType = "com.apple.product-type.application";
		};
		2F3521FD2E53ABE200BF7DC6 /* UalaCitiesTests */ = {
			isa = PBXNativeTarget;
			buildConfigurationList = 2F3522152E53ABE200BF7DC6 /* Build configuration list for PBXNativeTarget "UalaCitiesTests" */;
			buildPhases = (
				2F3521FA2E53ABE200BF7DC6 /* Sources */,
				2F3521FB2E53ABE200BF7DC6 /* Frameworks */,
				2F3521FC2E53ABE200BF7DC6 /* Resources */,
			);
			buildRules = (
			);
			dependencies = (
				2F3522002E53ABE200BF7DC6 /* PBXTargetDependency */,
			);
			fileSystemSynchronizedGroups = (
				2F3522012E53ABE200BF7DC6 /* UalaCitiesTests */,
			);
			name = UalaCitiesTests;
			packageProductDependencies = (
			);
			productName = UalaCitiesTests;
			productReference = 2F3521FE2E53ABE200BF7DC6 /* UalaCitiesTests.xctest */;
			productType = "com.apple.product-type.bundle.unit-test";
		};
		2F3522072E53ABE200BF7DC6 /* UalaCitiesUITests */ = {
			isa = PBXNativeTarget;
			buildConfigurationList = 2F3522182E53ABE200BF7DC6 /* Build configuration list for PBXNativeTarget "UalaCitiesUITests" */;
			buildPhases = (
				2F3522042E53ABE200BF7DC6 /* Sources */,
				2F3522052E53ABE200BF7DC6 /* Frameworks */,
				2F3522062E53ABE200BF7DC6 /* Resources */,
			);
			buildRules = (
			);
			dependencies = (
				2F35220A2E53ABE200BF7DC6 /* PBXTargetDependency */,
			);
			fileSystemSynchronizedGroups = (
				2F35220B2E53ABE200BF7DC6 /* UalaCitiesUITests */,
			);
			name = UalaCitiesUITests;
			packageProductDependencies = (
			);
			productName = UalaCitiesUITests;
			productReference = 2F3522082E53ABE200BF7DC6 /* UalaCitiesUITests.xctest */;
			productType = "com.apple.product-type.bundle.ui-testing";
		};
/* End PBXNativeTarget section */

/* Begin PBXProject section */
		2F3521E92E53ABE100BF7DC6 /* Project object */ = {
			isa = PBXProject;
			attributes = {
				BuildIndependentTargetsInParallel = 1;
				LastSwiftUpdateCheck = 1640;
				LastUpgradeCheck = 1640;
				TargetAttributes = {
					2F3521F02E53ABE100BF7DC6 = {
						CreatedOnToolsVersion = 16.4;
					};
					2F3521FD2E53ABE200BF7DC6 = {
						CreatedOnToolsVersion = 16.4;
						TestTargetID = 2F3521F02E53ABE100BF7DC6;
					};
					2F3522072E53ABE200BF7DC6 = {
						CreatedOnToolsVersion = 16.4;
						TestTargetID = 2F3521F02E53ABE100BF7DC6;
					};
				};
			};
			buildConfigurationList = 2F3521EC2E53ABE100BF7DC6 /* Build configuration list for PBXProject "UalaCities" */;
			developmentRegion = en;
			hasScannedForEncodings = 0;
			knownRegions = (
				en,
				Base,
			);
			mainGroup = 2F3521E82E53ABE100BF7DC6;
			minimizedProjectReferenceProxies = 1;
			preferredProjectObjectVersion = 77;
			productRefGroup = 2F3521F22E53ABE100BF7DC6 /* Products */;
			projectDirPath = "";
			projectRoot = "";
			targets = (
				2F3521F02E53ABE100BF7DC6 /* UalaCities */,
				2F3521FD2E53ABE200BF7DC6 /* UalaCitiesTests */,
				2F3522072E53ABE200BF7DC6 /* UalaCitiesUITests */,
			);
		};
/* End PBXProject section */

/* Begin PBXResourcesBuildPhase section */
		2F3521EF2E53ABE100BF7DC6 /* Resources */ = {
			isa = PBXResourcesBuildPhase;
			buildActionMask = 2147483647;
			files = (
			);
			runOnlyForDeploymentPostprocessing = 0;
		};
		2F3521FC2E53ABE200BF7DC6 /* Resources */ = {
			isa = PBXResourcesBuildPhase;
			buildActionMask = 2147483647;
			files = (
			);
			runOnlyForDeploymentPostprocessing = 0;
		};
		2F3522062E53ABE200BF7DC6 /* Resources */ = {
			isa = PBXResourcesBuildPhase;
			buildActionMask = 2147483647;
			files = (
			);
			runOnlyForDeploymentPostprocessing = 0;
		};
/* End PBXResourcesBuildPhase section */

/* Begin PBXSourcesBuildPhase section */
		2F3521ED2E53ABE100BF7DC6 /* Sources */ = {
			isa = PBXSourcesBuildPhase;
			buildActionMask = 2147483647;
			files = (
			);
			runOnlyForDeploymentPostprocessing = 0;
		};
		2F3521FA2E53ABE200BF7DC6 /* Sources */ = {
			isa = PBXSourcesBuildPhase;
			buildActionMask = 2147483647;
			files = (
			);
			runOnlyForDeploymentPostprocessing = 0;
		};
		2F3522042E53ABE200BF7DC6 /* Sources */ = {
			isa = PBXSourcesBuildPhase;
			buildActionMask = 2147483647;
			files = (
			);
			runOnlyForDeploymentPostprocessing = 0;
		};
/* End PBXSourcesBuildPhase section */

/* Begin PBXTargetDependency section */
		2F3522002E53ABE200BF7DC6 /* PBXTargetDependency */ = {
			isa = PBXTargetDependency;
			target = 2F3521F02E53ABE100BF7DC6 /* UalaCities */;
			targetProxy = 2F3521FF2E53ABE200BF7DC6 /* PBXContainerItemProxy */;
		};
		2F35220A2E53ABE200BF7DC6 /* PBXTargetDependency */ = {
			isa = PBXTargetDependency;
			target = 2F3521F02E53ABE100BF7DC6 /* UalaCities */;
			targetProxy = 2F3522092E53ABE200BF7DC6 /* PBXContainerItemProxy */;
		};
/* End PBXTargetDependency section */

/* Begin XCBuildConfiguration section */
		2F3522102E53ABE200BF7DC6 /* Debug */ = {
			isa = XCBuildConfiguration;
			buildSettings = {
				ALWAYS_SEARCH_USER_PATHS = NO;
				ASSETCATALOG_COMPILER_GENERATE_SWIFT_ASSET_SYMBOL_EXTENSIONS = YES;
				CLANG_ANALYZER_NONNULL = YES;
				CLANG_ANALYZER_NUMBER_OBJECT_CONVERSION = YES_AGGRESSIVE;
				CLANG_CXX_LANGUAGE_STANDARD = "gnu++20";
				CLANG_ENABLE_MODULES = YES;
				CLANG_ENABLE_OBJC_ARC = YES;
				CLANG_ENABLE_OBJC_WEAK = YES;
				CLANG_WARN_BLOCK_CAPTURE_AUTORELEASING = YES;
				CLANG_WARN_BOOL_CONVERSION = YES;
				CLANG_WARN_COMMA = YES;
				CLANG_WARN_CONSTANT_CONVERSION = YES;
				CLANG_WARN_DEPRECATED_OBJC_IMPLEMENTATIONS = YES;
				CLANG_WARN_DIRECT_OBJC_ISA_USAGE = YES_ERROR;
				CLANG_WARN_DOCUMENTATION_COMMENTS = YES;
				CLANG_WARN_EMPTY_BODY = YES;
				CLANG_WARN_ENUM_CONVERSION = YES;
				CLANG_WARN_INFINITE_RECURSION = YES;
				CLANG_WARN_INT_CONVERSION = YES;
				CLANG_WARN_NON_LITERAL_NULL_CONVERSION = YES;
				CLANG_WARN_OBJC_IMPLICIT_RETAIN_SELF = YES;
				CLANG_WARN_OBJC_LITERAL_CONVERSION = YES;
				CLANG_WARN_OBJC_ROOT_CLASS = YES_ERROR;
				CLANG_WARN_QUOTED_INCLUDE_IN_FRAMEWORK_HEADER = YES;
				CLANG_WARN_RANGE_LOOP_ANALYSIS = YES;
				CLANG_WARN_STRICT_PROTOTYPES = YES;
				CLANG_WARN_SUSPICIOUS_MOVE = YES;
				CLANG_WARN_UNGUARDED_AVAILABILITY = YES_AGGRESSIVE;
				CLANG_WARN_UNREACHABLE_CODE = YES;
				CLANG_WARN__DUPLICATE_METHOD_MATCH = YES;
				COPY_PHASE_STRIP = NO;
				DEBUG_INFORMATION_FORMAT = dwarf;
				ENABLE_STRICT_OBJC_MSGSEND = YES;
				ENABLE_TESTABILITY = YES;
				ENABLE_USER_SCRIPT_SANDBOXING = YES;
				GCC_C_LANGUAGE_STANDARD = gnu17;
				GCC_DYNAMIC_NO_PIC = NO;
				GCC_NO_COMMON_BLOCKS = YES;
				GCC_OPTIMIZATION_LEVEL = 0;
				GCC_PREPROCESSOR_DEFINITIONS = (
					"DEBUG=1",
					"$(inherited)",
				);
				GCC_WARN_64_TO_32_BIT_CONVERSION = YES;
				GCC_WARN_ABOUT_RETURN_TYPE = YES_ERROR;
				GCC_WARN_UNDECLARED_SELECTOR = YES;
				GCC_WARN_UNINITIALIZED_AUTOS = YES_AGGRESSIVE;
				GCC_WARN_UNUSED_FUNCTION = YES;
				GCC_WARN_UNUSED_VARIABLE = YES;
				IPHONEOS_DEPLOYMENT_TARGET = 18.5;
				LOCALIZATION_PREFERS_STRING_CATALOGS = YES;
				MTL_ENABLE_DEBUG_INFO = INCLUDE_SOURCE;
				MTL_FAST_MATH = YES;
				ONLY_ACTIVE_ARCH = YES;
				SDKROOT = iphoneos;
				SWIFT_ACTIVE_COMPILATION_CONDITIONS = "DEBUG $(inherited)";
				SWIFT_OPTIMIZATION_LEVEL = "-Onone";
			};
			name = Debug;
		};
		2F3522112E53ABE200BF7DC6 /* Release */ = {
			isa = XCBuildConfiguration;
			buildSettings = {
				ALWAYS_SEARCH_USER_PATHS = NO;
				ASSETCATALOG_COMPILER_GENERATE_SWIFT_ASSET_SYMBOL_EXTENSIONS = YES;
				CLANG_ANALYZER_NONNULL = YES;
				CLANG_ANALYZER_NUMBER_OBJECT_CONVERSION = YES_AGGRESSIVE;
				CLANG_CXX_LANGUAGE_STANDARD = "gnu++20";
				CLANG_ENABLE_MODULES = YES;
				CLANG_ENABLE_OBJC_ARC = YES;
				CLANG_ENABLE_OBJC_WEAK = YES;
				CLANG_WARN_BLOCK_CAPTURE_AUTORELEASING = YES;
				CLANG_WARN_BOOL_CONVERSION = YES;
				CLANG_WARN_COMMA = YES;
				CLANG_WARN_CONSTANT_CONVERSION = YES;
				CLANG_WARN_DEPRECATED_OBJC_IMPLEMENTATIONS = YES;
				CLANG_WARN_DIRECT_OBJC_ISA_USAGE = YES_ERROR;
				CLANG_WARN_DOCUMENTATION_COMMENTS = YES;
				CLANG_WARN_EMPTY_BODY = YES;
				CLANG_WARN_ENUM_CONVERSION = YES;
				CLANG_WARN_INFINITE_RECURSION = YES;
				CLANG_WARN_INT_CONVERSION = YES;
				CLANG_WARN_NON_LITERAL_NULL_CONVERSION = YES;
				CLANG_WARN_OBJC_IMPLICIT_RETAIN_SELF = YES;
				CLANG_WARN_OBJC_LITERAL_CONVERSION = YES;
				CLANG_WARN_OBJC_ROOT_CLASS = YES_ERROR;
				CLANG_WARN_QUOTED_INCLUDE_IN_FRAMEWORK_HEADER = YES;
				CLANG_WARN_RANGE_LOOP_ANALYSIS = YES;
				CLANG_WARN_STRICT_PROTOTYPES = YES;
				CLANG_WARN_SUSPICIOUS_MOVE = YES;
				CLANG_WARN_UNGUARDED_AVAILABILITY = YES_AGGRESSIVE;
				CLANG_WARN_UNREACHABLE_CODE = YES;
				CLANG_WARN__DUPLICATE_METHOD_MATCH = YES;
				COPY_PHASE_STRIP = NO;
				DEBUG_INFORMATION_FORMAT = "dwarf-with-dsym";
				ENABLE_NS_ASSERTIONS = NO;
				ENABLE_STRICT_OBJC_MSGSEND = YES;
				ENABLE_USER_SCRIPT_SANDBOXING = YES;
				GCC_C_LANGUAGE_STANDARD = gnu17;
				GCC_NO_COMMON_BLOCKS = YES;
				GCC_WARN_64_TO_32_BIT_CONVERSION = YES;
				GCC_WARN_ABOUT_RETURN_TYPE = YES_ERROR;
				GCC_WARN_UNDECLARED_SELECTOR = YES;
				GCC_WARN_UNINITIALIZED_AUTOS = YES_AGGRESSIVE;
				GCC_WARN_UNUSED_FUNCTION = YES;
				GCC_WARN_UNUSED_VARIABLE = YES;
				IPHONEOS_DEPLOYMENT_TARGET = 18.5;
				LOCALIZATION_PREFERS_STRING_CATALOGS = YES;
				MTL_ENABLE_DEBUG_INFO = NO;
				MTL_FAST_MATH = YES;
				SDKROOT = iphoneos;
				SWIFT_COMPILATION_MODE = wholemodule;
				VALIDATE_PRODUCT = YES;
			};
			name = Release;
		};
		2F3522132E53ABE200BF7DC6 /* Debug */ = {
			isa = XCBuildConfiguration;
			buildSettings = {
				ASSETCATALOG_COMPILER_APPICON_NAME = AppIcon;
				ASSETCATALOG_COMPILER_GLOBAL_ACCENT_COLOR_NAME = AccentColor;
				CODE_SIGN_STYLE = Automatic;
				CURRENT_PROJECT_VERSION = 1;
				ENABLE_PREVIEWS = YES;
				GENERATE_INFOPLIST_FILE = YES;
				INFOPLIST_KEY_UIApplicationSceneManifest_Generation = YES;
				INFOPLIST_KEY_UIApplicationSupportsIndirectInputEvents = YES;
				INFOPLIST_KEY_UILaunchScreen_Generation = YES;
				INFOPLIST_KEY_UISupportedInterfaceOrientations_iPad = "UIInterfaceOrientationPortrait UIInterfaceOrientationPortraitUpsideDown UIInterfaceOrientationLandscapeLeft UIInterfaceOrientationLandscapeRight";
				INFOPLIST_KEY_UISupportedInterfaceOrientations_iPhone = "UIInterfaceOrientationPortrait UIInterfaceOrientationLandscapeLeft UIInterfaceOrientationLandscapeRight";
				LD_RUNPATH_SEARCH_PATHS = (
					"$(inherited)",
					"@executable_path/Frameworks",
				);
				MARKETING_VERSION = 1.0;
				PRODUCT_BUNDLE_IDENTIFIER = com.peipus.UalaCities;
				PRODUCT_NAME = "$(TARGET_NAME)";
				SWIFT_EMIT_LOC_STRINGS = YES;
				SWIFT_VERSION = 5.0;
				TARGETED_DEVICE_FAMILY = "1,2";
			};
			name = Debug;
		};
		2F3522142E53ABE200BF7DC6 /* Release */ = {
			isa = XCBuildConfiguration;
			buildSettings = {
				ASSETCATALOG_COMPILER_APPICON_NAME = AppIcon;
				ASSETCATALOG_COMPILER_GLOBAL_ACCENT_COLOR_NAME = AccentColor;
				CODE_SIGN_STYLE = Automatic;
				CURRENT_PROJECT_VERSION = 1;
				ENABLE_PREVIEWS = YES;
				GENERATE_INFOPLIST_FILE = YES;
				INFOPLIST_KEY_UIApplicationSceneManifest_Generation = YES;
				INFOPLIST_KEY_UIApplicationSupportsIndirectInputEvents = YES;
				INFOPLIST_KEY_UILaunchScreen_Generation = YES;
				INFOPLIST_KEY_UISupportedInterfaceOrientations_iPad = "UIInterfaceOrientationPortrait UIInterfaceOrientationPortraitUpsideDown UIInterfaceOrientationLandscapeLeft UIInterfaceOrientationLandscapeRight";
				INFOPLIST_KEY_UISupportedInterfaceOrientations_iPhone = "UIInterfaceOrientationPortrait UIInterfaceOrientationLandscapeLeft UIInterfaceOrientationLandscapeRight";
				LD_RUNPATH_SEARCH_PATHS = (
					"$(inherited)",
					"@executable_path/Frameworks",
				);
				MARKETING_VERSION = 1.0;
				PRODUCT_BUNDLE_IDENTIFIER = com.peipus.UalaCities;
				PRODUCT_NAME = "$(TARGET_NAME)";
				SWIFT_EMIT_LOC_STRINGS = YES;
				SWIFT_VERSION = 5.0;
				TARGETED_DEVICE_FAMILY = "1,2";
			};
			name = Release;
		};
		2F3522162E53ABE200BF7DC6 /* Debug */ = {
			isa = XCBuildConfiguration;
			buildSettings = {
				BUNDLE_LOADER = "$(TEST_HOST)";
				CODE_SIGN_STYLE = Automatic;
				CURRENT_PROJECT_VERSION = 1;
				GENERATE_INFOPLIST_FILE = YES;
				IPHONEOS_DEPLOYMENT_TARGET = 18.5;
				MARKETING_VERSION = 1.0;
				PRODUCT_BUNDLE_IDENTIFIER = com.peipus.UalaCitiesTests;
				PRODUCT_NAME = "$(TARGET_NAME)";
				SWIFT_EMIT_LOC_STRINGS = NO;
				SWIFT_VERSION = 5.0;
				TARGETED_DEVICE_FAMILY = "1,2";
				TEST_HOST = "$(BUILT_PRODUCTS_DIR)/UalaCities.app/$(BUNDLE_EXECUTABLE_FOLDER_PATH)/UalaCities";
			};
			name = Debug;
		};
		2F3522172E53ABE200BF7DC6 /* Release */ = {
			isa = XCBuildConfiguration;
			buildSettings = {
				BUNDLE_LOADER = "$(TEST_HOST)";
				CODE_SIGN_STYLE = Automatic;
				CURRENT_PROJECT_VERSION = 1;
				GENERATE_INFOPLIST_FILE = YES;
				IPHONEOS_DEPLOYMENT_TARGET = 18.5;
				MARKETING_VERSION = 1.0;
				PRODUCT_BUNDLE_IDENTIFIER = com.peipus.UalaCitiesTests;
				PRODUCT_NAME = "$(TARGET_NAME)";
				SWIFT_EMIT_LOC_STRINGS = NO;
				SWIFT_VERSION = 5.0;
				TARGETED_DEVICE_FAMILY = "1,2";
				TEST_HOST = "$(BUILT_PRODUCTS_DIR)/UalaCities.app/$(BUNDLE_EXECUTABLE_FOLDER_PATH)/UalaCities";
			};
			name = Release;
		};
		2F3522192E53ABE200BF7DC6 /* Debug */ = {
			isa = XCBuildConfiguration;
			buildSettings = {
				CODE_SIGN_STYLE = Automatic;
				CURRENT_PROJECT_VERSION = 1;
				GENERATE_INFOPLIST_FILE = YES;
				MARKETING_VERSION = 1.0;
				PRODUCT_BUNDLE_IDENTIFIER = com.peipus.UalaCitiesUITests;
				PRODUCT_NAME = "$(TARGET_NAME)";
				SWIFT_EMIT_LOC_STRINGS = NO;
				SWIFT_VERSION = 5.0;
				TARGETED_DEVICE_FAMILY = "1,2";
				TEST_TARGET_NAME = UalaCities;
			};
			name = Debug;
		};
		2F35221A2E53ABE200BF7DC6 /* Release */ = {
			isa = XCBuildConfiguration;
			buildSettings = {
				CODE_SIGN_STYLE = Automatic;
				CURRENT_PROJECT_VERSION = 1;
				GENERATE_INFOPLIST_FILE = YES;
				MARKETING_VERSION = 1.0;
				PRODUCT_BUNDLE_IDENTIFIER = com.peipus.UalaCitiesUITests;
				PRODUCT_NAME = "$(TARGET_NAME)";
				SWIFT_EMIT_LOC_STRINGS = NO;
				SWIFT_VERSION = 5.0;
				TARGETED_DEVICE_FAMILY = "1,2";
				TEST_TARGET_NAME = UalaCities;
			};
			name = Release;
		};
/* End XCBuildConfiguration section */

/* Begin XCConfigurationList section */
		2F3521EC2E53ABE100BF7DC6 /* Build configuration list for PBXProject "UalaCities" */ = {
			isa = XCConfigurationList;
			buildConfigurations = (
				2F3522102E53ABE200BF7DC6 /* Debug */,
				2F3522112E53ABE200BF7DC6 /* Release */,
			);
			defaultConfigurationIsVisible = 0;
			defaultConfigurationName = Release;
		};
		2F3522122E53ABE200BF7DC6 /* Build configuration list for PBXNativeTarget "UalaCities" */ = {
			isa = XCConfigurationList;
			buildConfigurations = (
				2F3522132E53ABE200BF7DC6 /* Debug */,
				2F3522142E53ABE200BF7DC6 /* Release */,
			);
			defaultConfigurationIsVisible = 0;
			defaultConfigurationName = Release;
		};
		2F3522152E53ABE200BF7DC6 /* Build configuration list for PBXNativeTarget "UalaCitiesTests" */ = {
			isa = XCConfigurationList;
			buildConfigurations = (
				2F3522162E53ABE200BF7DC6 /* Debug */,
				2F3522172E53ABE200BF7DC6 /* Release */,
			);
			defaultConfigurationIsVisible = 0;
			defaultConfigurationName = Release;
		};
		2F3522182E53ABE200BF7DC6 /* Build configuration list for PBXNativeTarget "UalaCitiesUITests" */ = {
			isa = XCConfigurationList;
			buildConfigurations = (
				2F3522192E53ABE200BF7DC6 /* Debug */,
				2F35221A2E53ABE200BF7DC6 /* Release */,
			);
			defaultConfigurationIsVisible = 0;
			defaultConfigurationName = Release;
		};
/* End XCConfigurationList section */
	};
	rootObject = 2F3521E92E53ABE100BF7DC6 /* Project object */;
}
